<?xml version="1.0" encoding="utf-8"?>
<Project ToolsVersion="4.0" xmlns="http://schemas.microsoft.com/developer/msbuild/2003">
  <ItemGroup>
    <Filter Include="Source Files">
      <UniqueIdentifier>{4FC737F1-C7A5-4376-A066-2A32D752A2FF}</UniqueIdentifier>
      <Extensions>cpp;c;cc;cxx;def;odl;idl;hpj;bat;asm;asmx</Extensions>
    </Filter>
    <Filter Include="Header Files">
      <UniqueIdentifier>{93995380-89BD-4b04-88EB-625FBE52EBFB}</UniqueIdentifier>
      <Extensions>h;hh;hpp;hxx;hm;inl;inc;xsd</Extensions>
    </Filter>
    <Filter Include="Resource Files">
      <UniqueIdentifier>{67DA6AB6-F800-4c08-8B7A-83BB121AAD01}</UniqueIdentifier>
      <Extensions>rc;ico;cur;bmp;dlg;rc2;rct;bin;rgs;gif;jpg;jpeg;jpe;resx;tiff;tif;png;wav;mfcribbon-ms</Extensions>
    </Filter>
    <Filter Include="Header Files\GamePhase">
      <UniqueIdentifier>{7df273d9-da62-4f91-b821-798023389856}</UniqueIdentifier>
    </Filter>
    <Filter Include="Source Files\GamePhase">
      <UniqueIdentifier>{8c9d02ea-f798-4dad-810d-ccadf5907906}</UniqueIdentifier>
    </Filter>
    <Filter Include="Header Files\CommonParts">
      <UniqueIdentifier>{d45bd955-cb4f-46d3-8e56-a25519bb6b3f}</UniqueIdentifier>
    </Filter>
    <Filter Include="Source Files\CommonParts">
      <UniqueIdentifier>{fcce3db9-c4c0-4a5c-bd1a-498a689a6f28}</UniqueIdentifier>
    </Filter>
  </ItemGroup>
  <ItemGroup>
    <ClInclude Include="GameUI.h">
      <Filter>Header Files</Filter>
    </ClInclude>
    <ClInclude Include="GamePhaseUI.h">
      <Filter>Header Files\GamePhase</Filter>
    </ClInclude>
    <ClInclude Include="MainTitleUI.h">
      <Filter>Header Files\GamePhase</Filter>
    </ClInclude>
    <ClInclude Include="ConfigUI.h">
      <Filter>Header Files\GamePhase</Filter>
    </ClInclude>
    <ClInclude Include="Button.h">
      <Filter>Header Files\CommonParts</Filter>
    </ClInclude>
    <ClInclude Include="Color.h">
      <Filter>Header Files\CommonParts</Filter>
    </ClInclude>
    <ClInclude Include="Mouse.h">
      <Filter>Header Files\CommonParts</Filter>
    </ClInclude>
    <ClInclude Include="RoundRect.h">
      <Filter>Header Files\CommonParts</Filter>
    </ClInclude>
    <ClInclude Include="UIConst.h">
      <Filter>Header Files\CommonParts</Filter>
    </ClInclude>
    <ClInclude Include="FontManager.h">
      <Filter>Header Files\CommonParts</Filter>
    </ClInclude>
    <ClInclude Include="ReplayMenuUI.h">
      <Filter>Header Files\GamePhase</Filter>
    </ClInclude>
    <ClInclude Include="OfficeSelectUI.h">
      <Filter>Header Files\GamePhase</Filter>
    </ClInclude>
    <ClInclude Include="DeckSelectUI.h">
      <Filter>Header Files\GamePhase</Filter>
    </ClInclude>
    <ClInclude Include="BattleSelectUI.h">
      <Filter>Header Files\GamePhase</Filter>
    </ClInclude>
    <ClInclude Include="DeckEditUI.h">
      <Filter>Header Files\GamePhase</Filter>
    </ClInclude>
    <ClInclude Include="OnlineLobbyUI.h">
      <Filter>Header Files\GamePhase</Filter>
    </ClInclude>
    <ClInclude Include="BattleUI.h">
      <Filter>Header Files\GamePhase</Filter>
    </ClInclude>
  </ItemGroup>
  <ItemGroup>
    <ClCompile Include="GameUI.cpp">
      <Filter>Source Files</Filter>
    </ClCompile>
    <ClCompile Include="MainTitleUI.cpp">
      <Filter>Source Files\GamePhase</Filter>
    </ClCompile>
    <ClCompile Include="GamePhaseUI.cpp">
      <Filter>Source Files\GamePhase</Filter>
    </ClCompile>
    <ClCompile Include="ConfigUI.cpp">
      <Filter>Source Files\GamePhase</Filter>
    </ClCompile>
    <ClCompile Include="Button.cpp">
      <Filter>Source Files\CommonParts</Filter>
    </ClCompile>
    <ClCompile Include="Mouse.cpp">
      <Filter>Source Files\CommonParts</Filter>
    </ClCompile>
    <ClCompile Include="RoundRect.cpp">
      <Filter>Source Files\CommonParts</Filter>
    </ClCompile>
    <ClCompile Include="FontManager.cpp">
      <Filter>Source Files\CommonParts</Filter>
    </ClCompile>
    <ClCompile Include="ReplayMenuUI.cpp">
      <Filter>Source Files\GamePhase</Filter>
    </ClCompile>
    <ClCompile Include="OfficeSelectUI.cpp">
      <Filter>Source Files\GamePhase</Filter>
    </ClCompile>
    <ClCompile Include="DeckSelectUI.cpp">
      <Filter>Source Files\GamePhase</Filter>
    </ClCompile>
    <ClCompile Include="BattleSelectUI.cpp">
      <Filter>Source Files\GamePhase</Filter>
    </ClCompile>
    <ClCompile Include="DeckEditUI.cpp">
      <Filter>Source Files\GamePhase</Filter>
    </ClCompile>
    <ClCompile Include="OnlineLobbyUI.cpp">
      <Filter>Source Files\GamePhase</Filter>
    </ClCompile>
    <ClCompile Include="BattleUI.cpp">
      <Filter>Source Files\GamePhase</Filter>
    </ClCompile>
  </ItemGroup>
</Project>