<?xml version="1.0" encoding="utf-8"?>
<Project ToolsVersion="4.0" xmlns="http://schemas.microsoft.com/developer/msbuild/2003">
  <ItemGroup>
    <Filter Include="Source Files">
      <UniqueIdentifier>{4FC737F1-C7A5-4376-A066-2A32D752A2FF}</UniqueIdentifier>
      <Extensions>cpp;c;cc;cxx;def;odl;idl;hpj;bat;asm;asmx</Extensions>
    </Filter>
    <Filter Include="Header Files">
      <UniqueIdentifier>{93995380-89BD-4b04-88EB-625FBE52EBFB}</UniqueIdentifier>
      <Extensions>h;hh;hpp;hxx;hm;inl;inc;xsd</Extensions>
    </Filter>
    <Filter Include="Resource Files">
      <UniqueIdentifier>{67DA6AB6-F800-4c08-8B7A-83BB121AAD01}</UniqueIdentifier>
      <Extensions>rc;ico;cur;bmp;dlg;rc2;rct;bin;rgs;gif;jpg;jpeg;jpe;resx;tiff;tif;png;wav;mfcribbon-ms</Extensions>
    </Filter>
    <Filter Include="Source Files\GamePhaseTest">
      <UniqueIdentifier>{42a64ce4-1800-4e3b-9d32-d447d63585a6}</UniqueIdentifier>
    </Filter>
    <Filter Include="Source Files\Tool">
      <UniqueIdentifier>{c0054988-9d83-4de0-a533-205d428f43ba}</UniqueIdentifier>
    </Filter>
    <Filter Include="Source Files\Card">
      <UniqueIdentifier>{e9b76c18-bcfe-4956-8338-ea439986ba9f}</UniqueIdentifier>
    </Filter>
  </ItemGroup>
  <ItemGroup>
    <ClCompile Include="BattleSelectTest.cpp">
      <Filter>Source Files\GamePhaseTest</Filter>
    </ClCompile>
    <ClCompile Include="ConfigTest.cpp">
      <Filter>Source Files\GamePhaseTest</Filter>
    </ClCompile>
    <ClCompile Include="DeckEditTest.cpp">
      <Filter>Source Files\GamePhaseTest</Filter>
    </ClCompile>
    <ClCompile Include="DeckSelectTest.cpp">
      <Filter>Source Files\GamePhaseTest</Filter>
    </ClCompile>
    <ClCompile Include="GameTest.cpp">
      <Filter>Source Files\GamePhaseTest</Filter>
    </ClCompile>
    <ClCompile Include="MainTitleTest.cpp">
      <Filter>Source Files\GamePhaseTest</Filter>
    </ClCompile>
    <ClCompile Include="OfficeSelectTest.cpp">
      <Filter>Source Files\GamePhaseTest</Filter>
    </ClCompile>
    <ClCompile Include="ReplayMenuTest.cpp">
      <Filter>Source Files\GamePhaseTest</Filter>
    </ClCompile>
    <ClCompile Include="OnlineLobbyTest.cpp">
      <Filter>Source Files\GamePhaseTest</Filter>
    </ClCompile>
    <ClCompile Include="BattleTest.cpp">
      <Filter>Source Files\GamePhaseTest</Filter>
    </ClCompile>
    <ClCompile Include="StringUtilityTest.cpp">
      <Filter>Source Files\Tool</Filter>
    </ClCompile>
    <ClCompile Include="CardDataTest.cpp">
      <Filter>Source Files\Card</Filter>
    </ClCompile>
  </ItemGroup>
</Project>