<?xml version="1.0" encoding="utf-8"?>
<Project ToolsVersion="4.0" xmlns="http://schemas.microsoft.com/developer/msbuild/2003">
  <ItemGroup>
    <Filter Include="src">
      <UniqueIdentifier>{b7e87eeb-2910-4dbe-8124-b79da5026c04}</UniqueIdentifier>
    </Filter>
  </ItemGroup>
  <ItemGroup>
    <ClCompile Include="..\..\MainDxlib\MainDxlib.cpp">
      <Filter>src</Filter>
    </ClCompile>
    <ClCompile Include="..\..\Model\Battle.cpp">
      <Filter>src</Filter>
    </ClCompile>
    <ClCompile Include="..\..\Model\BattlePhase.cpp">
      <Filter>src</Filter>
    </ClCompile>
    <ClCompile Include="..\..\Model\BattleSelect.cpp">
      <Filter>src</Filter>
    </ClCompile>
    <ClCompile Include="..\..\Model\CardData.cpp">
      <Filter>src</Filter>
    </ClCompile>
    <ClCompile Include="..\..\Model\Config.cpp">
      <Filter>src</Filter>
    </ClCompile>
    <ClCompile Include="..\..\Model\DeckEdit.cpp">
      <Filter>src</Filter>
    </ClCompile>
    <ClCompile Include="..\..\Model\DeckSelect.cpp">
      <Filter>src</Filter>
    </ClCompile>
    <ClCompile Include="..\..\Model\Game.cpp">
      <Filter>src</Filter>
    </ClCompile>
    <ClCompile Include="..\..\Model\GamePhase.cpp">
      <Filter>src</Filter>
    </ClCompile>
    <ClCompile Include="..\..\Model\MainTitle.cpp">
      <Filter>src</Filter>
    </ClCompile>
    <ClCompile Include="..\..\Model\OfficeSelect.cpp">
      <Filter>src</Filter>
    </ClCompile>
    <ClCompile Include="..\..\Model\OnlineLobby.cpp">
      <Filter>src</Filter>
    </ClCompile>
    <ClCompile Include="..\..\Model\Player.cpp">
      <Filter>src</Filter>
    </ClCompile>
    <ClCompile Include="..\..\Model\ReplayMenu.cpp">
      <Filter>src</Filter>
    </ClCompile>
    <ClCompile Include="..\..\Model\StringUtility.cpp">
      <Filter>src</Filter>
    </ClCompile>
    <ClCompile Include="..\..\UIDxlib\BattleSelectUI.cpp">
      <Filter>src</Filter>
    </ClCompile>
    <ClCompile Include="..\..\UIDxlib\BattleUI.cpp">
      <Filter>src</Filter>
    </ClCompile>
    <ClCompile Include="..\..\UIDxlib\Button.cpp">
      <Filter>src</Filter>
    </ClCompile>
    <ClCompile Include="..\..\UIDxlib\ConfigUI.cpp">
      <Filter>src</Filter>
    </ClCompile>
    <ClCompile Include="..\..\UIDxlib\DeckEditUI.cpp">
      <Filter>src</Filter>
    </ClCompile>
    <ClCompile Include="..\..\UIDxlib\DeckSelectUI.cpp">
      <Filter>src</Filter>
    </ClCompile>
    <ClCompile Include="..\..\UIDxlib\FontManager.cpp">
      <Filter>src</Filter>
    </ClCompile>
    <ClCompile Include="..\..\UIDxlib\GamePhaseUI.cpp">
      <Filter>src</Filter>
    </ClCompile>
    <ClCompile Include="..\..\UIDxlib\GameUI.cpp">
      <Filter>src</Filter>
    </ClCompile>
    <ClCompile Include="..\..\UIDxlib\MainTitleUI.cpp">
      <Filter>src</Filter>
    </ClCompile>
    <ClCompile Include="..\..\UIDxlib\Mouse.cpp">
      <Filter>src</Filter>
    </ClCompile>
    <ClCompile Include="..\..\UIDxlib\OfficeSelectUI.cpp">
      <Filter>src</Filter>
    </ClCompile>
    <ClCompile Include="..\..\UIDxlib\OnlineLobbyUI.cpp">
      <Filter>src</Filter>
    </ClCompile>
    <ClCompile Include="..\..\UIDxlib\ReplayMenuUI.cpp">
      <Filter>src</Filter>
    </ClCompile>
    <ClCompile Include="..\..\UIDxlib\RoundRect.cpp">
      <Filter>src</Filter>
    </ClCompile>
  </ItemGroup>
</Project>